// !$*UTF8*$!
{
	archiveVersion = 1;
	classes = {
	};
	objectVersion = 51;
	objects = {

/* Begin PBXBuildFile section */
		1D1024F9D0F5EABB6C4A78B5 /* Pods_SailVMG_SailVMGUITests.framework in Frameworks */ = {isa = PBXBuildFile; fileRef = 76EB19DD7CF695CA7D213DE1 /* Pods_SailVMG_SailVMGUITests.framework */; };
		3111AECA2568B18400DAEF90 /* RecordingState.swift in Sources */ = {isa = PBXBuildFile; fileRef = 3111AEC92568B18400DAEF90 /* RecordingState.swift */; };
		3111AED32568D49E00DAEF90 /* Track.swift in Sources */ = {isa = PBXBuildFile; fileRef = 3111AED22568D49E00DAEF90 /* Track.swift */; };
		3111AED82568D5D400DAEF90 /* Trackpoint.swift in Sources */ = {isa = PBXBuildFile; fileRef = 3111AED72568D5D400DAEF90 /* Trackpoint.swift */; };
		3111AEDD2568DA7D00DAEF90 /* GoogleService-Info.plist in Resources */ = {isa = PBXBuildFile; fileRef = 3111AEDC2568DA7D00DAEF90 /* GoogleService-Info.plist */; };
		3111AF362568DEA200DAEF90 /* TrackRepository.swift in Sources */ = {isa = PBXBuildFile; fileRef = 3111AF352568DEA200DAEF90 /* TrackRepository.swift */; };
		312307FE25777AA800343C86 /* RecordingViewModel.swift in Sources */ = {isa = PBXBuildFile; fileRef = 312307FD25777AA800343C86 /* RecordingViewModel.swift */; };
		3155A0502571CF6600E885BC /* TrackViewModel.swift in Sources */ = {isa = PBXBuildFile; fileRef = 3155A04F2571CF6600E885BC /* TrackViewModel.swift */; };
		3155A0552571D0A500E885BC /* TrackView.swift in Sources */ = {isa = PBXBuildFile; fileRef = 3155A0542571D0A500E885BC /* TrackView.swift */; };
		3155A05A2571D3F400E885BC /* MapView.swift in Sources */ = {isa = PBXBuildFile; fileRef = 3155A0592571D3F400E885BC /* MapView.swift */; };
		3155A05F2571D42500E885BC /* PlaybackView.swift in Sources */ = {isa = PBXBuildFile; fileRef = 3155A05E2571D42500E885BC /* PlaybackView.swift */; };
		3155A0822571D68D00E885BC /* Crissy-8-13.gpx in Resources */ = {isa = PBXBuildFile; fileRef = 3155A0812571D68D00E885BC /* Crissy-8-13.gpx */; };
		318ABBED255F400600EFF7E2 /* SailVMGApp.swift in Sources */ = {isa = PBXBuildFile; fileRef = 318ABBEC255F400600EFF7E2 /* SailVMGApp.swift */; };
		318ABBEF255F400600EFF7E2 /* MainScreen.swift in Sources */ = {isa = PBXBuildFile; fileRef = 318ABBEE255F400600EFF7E2 /* MainScreen.swift */; };
		318ABBF1255F400800EFF7E2 /* Assets.xcassets in Resources */ = {isa = PBXBuildFile; fileRef = 318ABBF0255F400800EFF7E2 /* Assets.xcassets */; };
		318ABBF4255F400800EFF7E2 /* Preview Assets.xcassets in Resources */ = {isa = PBXBuildFile; fileRef = 318ABBF3255F400800EFF7E2 /* Preview Assets.xcassets */; };
		318ABC04255F400900EFF7E2 /* SailVMGTests.swift in Sources */ = {isa = PBXBuildFile; fileRef = 318ABC03255F400900EFF7E2 /* SailVMGTests.swift */; };
		318ABC0F255F400900EFF7E2 /* SailVMGUITests.swift in Sources */ = {isa = PBXBuildFile; fileRef = 318ABC0E255F400900EFF7E2 /* SailVMGUITests.swift */; };
		31ACC9D5256DD88B009BC3AD /* TrackpointRepository.swift in Sources */ = {isa = PBXBuildFile; fileRef = 31ACC9D4256DD88B009BC3AD /* TrackpointRepository.swift */; };
		31C747512568A85700A454B7 /* LocationViewModel.swift in Sources */ = {isa = PBXBuildFile; fileRef = 31C747502568A85700A454B7 /* LocationViewModel.swift */; };
		31C7475D2568ABC400A454B7 /* RecordingView.swift in Sources */ = {isa = PBXBuildFile; fileRef = 31C7475C2568ABC400A454B7 /* RecordingView.swift */; };
		D5EEA8ED4119C672AE84DA74 /* Pods_SailVMGTests.framework in Frameworks */ = {isa = PBXBuildFile; fileRef = 3E658FE9ACB897DF5AD438B1 /* Pods_SailVMGTests.framework */; };
		F6E863B667DBE0A281AD4CC3 /* Pods_SailVMG.framework in Frameworks */ = {isa = PBXBuildFile; fileRef = 24715C83D67C6CEB8057E414 /* Pods_SailVMG.framework */; };
/* End PBXBuildFile section */

/* Begin PBXContainerItemProxy section */
		318ABC00255F400900EFF7E2 /* PBXContainerItemProxy */ = {
			isa = PBXContainerItemProxy;
			containerPortal = 318ABBE1255F400600EFF7E2 /* Project object */;
			proxyType = 1;
			remoteGlobalIDString = 318ABBE8255F400600EFF7E2;
			remoteInfo = SailVMG;
		};
		318ABC0B255F400900EFF7E2 /* PBXContainerItemProxy */ = {
			isa = PBXContainerItemProxy;
			containerPortal = 318ABBE1255F400600EFF7E2 /* Project object */;
			proxyType = 1;
			remoteGlobalIDString = 318ABBE8255F400600EFF7E2;
			remoteInfo = SailVMG;
		};
/* End PBXContainerItemProxy section */

/* Begin PBXFileReference section */
		1877C52E68D748608492B5D6 /* Pods-SailVMG-SailVMGUITests.release.xcconfig */ = {isa = PBXFileReference; includeInIndex = 1; lastKnownFileType = text.xcconfig; name = "Pods-SailVMG-SailVMGUITests.release.xcconfig"; path = "Target Support Files/Pods-SailVMG-SailVMGUITests/Pods-SailVMG-SailVMGUITests.release.xcconfig"; sourceTree = "<group>"; };
		196256F91682DAEBB042DE2B /* Pods-SailVMGTests.release.xcconfig */ = {isa = PBXFileReference; includeInIndex = 1; lastKnownFileType = text.xcconfig; name = "Pods-SailVMGTests.release.xcconfig"; path = "Target Support Files/Pods-SailVMGTests/Pods-SailVMGTests.release.xcconfig"; sourceTree = "<group>"; };
		24715C83D67C6CEB8057E414 /* Pods_SailVMG.framework */ = {isa = PBXFileReference; explicitFileType = wrapper.framework; includeInIndex = 0; path = Pods_SailVMG.framework; sourceTree = BUILT_PRODUCTS_DIR; };
		3111AEC92568B18400DAEF90 /* RecordingState.swift */ = {isa = PBXFileReference; lastKnownFileType = sourcecode.swift; path = RecordingState.swift; sourceTree = "<group>"; };
		3111AED22568D49E00DAEF90 /* Track.swift */ = {isa = PBXFileReference; lastKnownFileType = sourcecode.swift; path = Track.swift; sourceTree = "<group>"; };
		3111AED72568D5D400DAEF90 /* Trackpoint.swift */ = {isa = PBXFileReference; lastKnownFileType = sourcecode.swift; path = Trackpoint.swift; sourceTree = "<group>"; };
		3111AEDC2568DA7D00DAEF90 /* GoogleService-Info.plist */ = {isa = PBXFileReference; fileEncoding = 4; lastKnownFileType = text.plist.xml; path = "GoogleService-Info.plist"; sourceTree = "<group>"; };
		3111AF352568DEA200DAEF90 /* TrackRepository.swift */ = {isa = PBXFileReference; lastKnownFileType = sourcecode.swift; path = TrackRepository.swift; sourceTree = "<group>"; };
		312307FD25777AA800343C86 /* RecordingViewModel.swift */ = {isa = PBXFileReference; lastKnownFileType = sourcecode.swift; path = RecordingViewModel.swift; sourceTree = "<group>"; };
		3155A04F2571CF6600E885BC /* TrackViewModel.swift */ = {isa = PBXFileReference; lastKnownFileType = sourcecode.swift; path = TrackViewModel.swift; sourceTree = "<group>"; };
		3155A0542571D0A500E885BC /* TrackView.swift */ = {isa = PBXFileReference; lastKnownFileType = sourcecode.swift; path = TrackView.swift; sourceTree = "<group>"; };
		3155A0592571D3F400E885BC /* MapView.swift */ = {isa = PBXFileReference; fileEncoding = 4; lastKnownFileType = sourcecode.swift; path = MapView.swift; sourceTree = "<group>"; };
		3155A05E2571D42500E885BC /* PlaybackView.swift */ = {isa = PBXFileReference; fileEncoding = 4; lastKnownFileType = sourcecode.swift; path = PlaybackView.swift; sourceTree = "<group>"; };
		3155A0812571D68D00E885BC /* Crissy-8-13.gpx */ = {isa = PBXFileReference; fileEncoding = 4; lastKnownFileType = text.xml; path = "Crissy-8-13.gpx"; sourceTree = "<group>"; };
		318ABBE9255F400600EFF7E2 /* SailVMG.app */ = {isa = PBXFileReference; explicitFileType = wrapper.application; includeInIndex = 0; path = SailVMG.app; sourceTree = BUILT_PRODUCTS_DIR; };
		318ABBEC255F400600EFF7E2 /* SailVMGApp.swift */ = {isa = PBXFileReference; lastKnownFileType = sourcecode.swift; path = SailVMGApp.swift; sourceTree = "<group>"; };
		318ABBEE255F400600EFF7E2 /* MainScreen.swift */ = {isa = PBXFileReference; lastKnownFileType = sourcecode.swift; path = MainScreen.swift; sourceTree = "<group>"; };
		318ABBF0255F400800EFF7E2 /* Assets.xcassets */ = {isa = PBXFileReference; lastKnownFileType = folder.assetcatalog; path = Assets.xcassets; sourceTree = "<group>"; };
		318ABBF3255F400800EFF7E2 /* Preview Assets.xcassets */ = {isa = PBXFileReference; lastKnownFileType = folder.assetcatalog; path = "Preview Assets.xcassets"; sourceTree = "<group>"; };
		318ABBFA255F400800EFF7E2 /* Info.plist */ = {isa = PBXFileReference; lastKnownFileType = text.plist.xml; path = Info.plist; sourceTree = "<group>"; };
		318ABBFF255F400900EFF7E2 /* SailVMGTests.xctest */ = {isa = PBXFileReference; explicitFileType = wrapper.cfbundle; includeInIndex = 0; path = SailVMGTests.xctest; sourceTree = BUILT_PRODUCTS_DIR; };
		318ABC03255F400900EFF7E2 /* SailVMGTests.swift */ = {isa = PBXFileReference; lastKnownFileType = sourcecode.swift; path = SailVMGTests.swift; sourceTree = "<group>"; };
		318ABC05255F400900EFF7E2 /* Info.plist */ = {isa = PBXFileReference; lastKnownFileType = text.plist.xml; path = Info.plist; sourceTree = "<group>"; };
		318ABC0A255F400900EFF7E2 /* SailVMGUITests.xctest */ = {isa = PBXFileReference; explicitFileType = wrapper.cfbundle; includeInIndex = 0; path = SailVMGUITests.xctest; sourceTree = BUILT_PRODUCTS_DIR; };
		318ABC0E255F400900EFF7E2 /* SailVMGUITests.swift */ = {isa = PBXFileReference; lastKnownFileType = sourcecode.swift; path = SailVMGUITests.swift; sourceTree = "<group>"; };
		318ABC10255F400900EFF7E2 /* Info.plist */ = {isa = PBXFileReference; lastKnownFileType = text.plist.xml; path = Info.plist; sourceTree = "<group>"; };
		31ACC9D4256DD88B009BC3AD /* TrackpointRepository.swift */ = {isa = PBXFileReference; lastKnownFileType = sourcecode.swift; path = TrackpointRepository.swift; sourceTree = "<group>"; };
		31C747502568A85700A454B7 /* LocationViewModel.swift */ = {isa = PBXFileReference; lastKnownFileType = sourcecode.swift; path = LocationViewModel.swift; sourceTree = "<group>"; };
		31C7475C2568ABC400A454B7 /* RecordingView.swift */ = {isa = PBXFileReference; lastKnownFileType = sourcecode.swift; path = RecordingView.swift; sourceTree = "<group>"; };
		3E658FE9ACB897DF5AD438B1 /* Pods_SailVMGTests.framework */ = {isa = PBXFileReference; explicitFileType = wrapper.framework; includeInIndex = 0; path = Pods_SailVMGTests.framework; sourceTree = BUILT_PRODUCTS_DIR; };
		76EB19DD7CF695CA7D213DE1 /* Pods_SailVMG_SailVMGUITests.framework */ = {isa = PBXFileReference; explicitFileType = wrapper.framework; includeInIndex = 0; path = Pods_SailVMG_SailVMGUITests.framework; sourceTree = BUILT_PRODUCTS_DIR; };
		9BDB21FDAB24133AE1519219 /* Pods-SailVMG-SailVMGUITests.debug.xcconfig */ = {isa = PBXFileReference; includeInIndex = 1; lastKnownFileType = text.xcconfig; name = "Pods-SailVMG-SailVMGUITests.debug.xcconfig"; path = "Target Support Files/Pods-SailVMG-SailVMGUITests/Pods-SailVMG-SailVMGUITests.debug.xcconfig"; sourceTree = "<group>"; };
		D490D86E7C2F74D2114C7794 /* Pods-SailVMG.debug.xcconfig */ = {isa = PBXFileReference; includeInIndex = 1; lastKnownFileType = text.xcconfig; name = "Pods-SailVMG.debug.xcconfig"; path = "Target Support Files/Pods-SailVMG/Pods-SailVMG.debug.xcconfig"; sourceTree = "<group>"; };
		E4B9F55ADA0BD72198C7C09C /* Pods-SailVMGTests.debug.xcconfig */ = {isa = PBXFileReference; includeInIndex = 1; lastKnownFileType = text.xcconfig; name = "Pods-SailVMGTests.debug.xcconfig"; path = "Target Support Files/Pods-SailVMGTests/Pods-SailVMGTests.debug.xcconfig"; sourceTree = "<group>"; };
		F91DD7A5E1F4455B47227BF8 /* Pods-SailVMG.release.xcconfig */ = {isa = PBXFileReference; includeInIndex = 1; lastKnownFileType = text.xcconfig; name = "Pods-SailVMG.release.xcconfig"; path = "Target Support Files/Pods-SailVMG/Pods-SailVMG.release.xcconfig"; sourceTree = "<group>"; };
/* End PBXFileReference section */

/* Begin PBXFrameworksBuildPhase section */
		318ABBE6255F400600EFF7E2 /* Frameworks */ = {
			isa = PBXFrameworksBuildPhase;
			buildActionMask = 2147483647;
			files = (
				F6E863B667DBE0A281AD4CC3 /* Pods_SailVMG.framework in Frameworks */,
			);
			runOnlyForDeploymentPostprocessing = 0;
		};
		318ABBFC255F400900EFF7E2 /* Frameworks */ = {
			isa = PBXFrameworksBuildPhase;
			buildActionMask = 2147483647;
			files = (
				D5EEA8ED4119C672AE84DA74 /* Pods_SailVMGTests.framework in Frameworks */,
			);
			runOnlyForDeploymentPostprocessing = 0;
		};
		318ABC07255F400900EFF7E2 /* Frameworks */ = {
			isa = PBXFrameworksBuildPhase;
			buildActionMask = 2147483647;
			files = (
				1D1024F9D0F5EABB6C4A78B5 /* Pods_SailVMG_SailVMGUITests.framework in Frameworks */,
			);
			runOnlyForDeploymentPostprocessing = 0;
		};
/* End PBXFrameworksBuildPhase section */

/* Begin PBXGroup section */
		150943D2133FBC79CC751FB5 /* Pods */ = {
			isa = PBXGroup;
			children = (
				D490D86E7C2F74D2114C7794 /* Pods-SailVMG.debug.xcconfig */,
				F91DD7A5E1F4455B47227BF8 /* Pods-SailVMG.release.xcconfig */,
				9BDB21FDAB24133AE1519219 /* Pods-SailVMG-SailVMGUITests.debug.xcconfig */,
				1877C52E68D748608492B5D6 /* Pods-SailVMG-SailVMGUITests.release.xcconfig */,
				E4B9F55ADA0BD72198C7C09C /* Pods-SailVMGTests.debug.xcconfig */,
				196256F91682DAEBB042DE2B /* Pods-SailVMGTests.release.xcconfig */,
			);
			path = Pods;
			sourceTree = "<group>";
		};
		3111AED12568D48D00DAEF90 /* Models */ = {
			isa = PBXGroup;
			children = (
				3111AED22568D49E00DAEF90 /* Track.swift */,
				3111AED72568D5D400DAEF90 /* Trackpoint.swift */,
			);
			path = Models;
			sourceTree = "<group>";
		};
		3111AF2E2568DE8900DAEF90 /* Repositories */ = {
			isa = PBXGroup;
			children = (
				3111AF352568DEA200DAEF90 /* TrackRepository.swift */,
				31ACC9D4256DD88B009BC3AD /* TrackpointRepository.swift */,
			);
			path = Repositories;
			sourceTree = "<group>";
		};
		318ABBE0255F400600EFF7E2 = {
			isa = PBXGroup;
			children = (
				318ABBEB255F400600EFF7E2 /* SailVMG */,
				318ABC02255F400900EFF7E2 /* SailVMGTests */,
				318ABC0D255F400900EFF7E2 /* SailVMGUITests */,
				318ABBEA255F400600EFF7E2 /* Products */,
				150943D2133FBC79CC751FB5 /* Pods */,
				EB7B52AF11B2E4393EEB7FEC /* Frameworks */,
			);
			sourceTree = "<group>";
		};
		318ABBEA255F400600EFF7E2 /* Products */ = {
			isa = PBXGroup;
			children = (
				318ABBE9255F400600EFF7E2 /* SailVMG.app */,
				318ABBFF255F400900EFF7E2 /* SailVMGTests.xctest */,
				318ABC0A255F400900EFF7E2 /* SailVMGUITests.xctest */,
			);
			name = Products;
			sourceTree = "<group>";
		};
		318ABBEB255F400600EFF7E2 /* SailVMG */ = {
			isa = PBXGroup;
			children = (
				318ABBEC255F400600EFF7E2 /* SailVMGApp.swift */,
				3111AF2E2568DE8900DAEF90 /* Repositories */,
				3111AED12568D48D00DAEF90 /* Models */,
				31C747582568AA9F00A454B7 /* Views */,
				31C7474F2568A84300A454B7 /* ViewModels */,
				318ABBF0255F400800EFF7E2 /* Assets.xcassets */,
				318ABBFA255F400800EFF7E2 /* Info.plist */,
				3111AEDC2568DA7D00DAEF90 /* GoogleService-Info.plist */,
				3155A0812571D68D00E885BC /* Crissy-8-13.gpx */,
				318ABBF2255F400800EFF7E2 /* Preview Content */,
			);
			path = SailVMG;
			sourceTree = "<group>";
		};
		318ABBF2255F400800EFF7E2 /* Preview Content */ = {
			isa = PBXGroup;
			children = (
				318ABBF3255F400800EFF7E2 /* Preview Assets.xcassets */,
			);
			path = "Preview Content";
			sourceTree = "<group>";
		};
		318ABC02255F400900EFF7E2 /* SailVMGTests */ = {
			isa = PBXGroup;
			children = (
				318ABC03255F400900EFF7E2 /* SailVMGTests.swift */,
				318ABC05255F400900EFF7E2 /* Info.plist */,
			);
			path = SailVMGTests;
			sourceTree = "<group>";
		};
		318ABC0D255F400900EFF7E2 /* SailVMGUITests */ = {
			isa = PBXGroup;
			children = (
				318ABC0E255F400900EFF7E2 /* SailVMGUITests.swift */,
				318ABC10255F400900EFF7E2 /* Info.plist */,
			);
			path = SailVMGUITests;
			sourceTree = "<group>";
		};
		31C7474F2568A84300A454B7 /* ViewModels */ = {
			isa = PBXGroup;
			children = (
				31C747502568A85700A454B7 /* LocationViewModel.swift */,
				3111AEC92568B18400DAEF90 /* RecordingState.swift */,
				3155A04F2571CF6600E885BC /* TrackViewModel.swift */,
				312307FD25777AA800343C86 /* RecordingViewModel.swift */,
			);
			path = ViewModels;
			sourceTree = "<group>";
		};
		31C747582568AA9F00A454B7 /* Views */ = {
			isa = PBXGroup;
			children = (
				318ABBEE255F400600EFF7E2 /* MainScreen.swift */,
				31C7475C2568ABC400A454B7 /* RecordingView.swift */,
				3155A0542571D0A500E885BC /* TrackView.swift */,
				3155A05E2571D42500E885BC /* PlaybackView.swift */,
				3155A0592571D3F400E885BC /* MapView.swift */,
			);
			path = Views;
			sourceTree = "<group>";
		};
		EB7B52AF11B2E4393EEB7FEC /* Frameworks */ = {
			isa = PBXGroup;
			children = (
				24715C83D67C6CEB8057E414 /* Pods_SailVMG.framework */,
				76EB19DD7CF695CA7D213DE1 /* Pods_SailVMG_SailVMGUITests.framework */,
				3E658FE9ACB897DF5AD438B1 /* Pods_SailVMGTests.framework */,
			);
			name = Frameworks;
			sourceTree = "<group>";
		};
/* End PBXGroup section */

/* Begin PBXNativeTarget section */
		318ABBE8255F400600EFF7E2 /* SailVMG */ = {
			isa = PBXNativeTarget;
			buildConfigurationList = 318ABC13255F400900EFF7E2 /* Build configuration list for PBXNativeTarget "SailVMG" */;
			buildPhases = (
				EEA431E59895B8E2114A3298 /* [CP] Check Pods Manifest.lock */,
				318ABBE5255F400600EFF7E2 /* Sources */,
				318ABBE6255F400600EFF7E2 /* Frameworks */,
				318ABBE7255F400600EFF7E2 /* Resources */,
				9842C25F85DEA7BCE98600F3 /* [CP] Embed Pods Frameworks */,
			);
			buildRules = (
			);
			dependencies = (
			);
			name = SailVMG;
			productName = SailVMG;
			productReference = 318ABBE9255F400600EFF7E2 /* SailVMG.app */;
			productType = "com.apple.product-type.application";
		};
		318ABBFE255F400900EFF7E2 /* SailVMGTests */ = {
			isa = PBXNativeTarget;
			buildConfigurationList = 318ABC16255F400900EFF7E2 /* Build configuration list for PBXNativeTarget "SailVMGTests" */;
			buildPhases = (
				CBDAEB7E09AB3FF725524CCA /* [CP] Check Pods Manifest.lock */,
				318ABBFB255F400900EFF7E2 /* Sources */,
				318ABBFC255F400900EFF7E2 /* Frameworks */,
				318ABBFD255F400900EFF7E2 /* Resources */,
			);
			buildRules = (
			);
			dependencies = (
				318ABC01255F400900EFF7E2 /* PBXTargetDependency */,
			);
			name = SailVMGTests;
			productName = SailVMGTests;
			productReference = 318ABBFF255F400900EFF7E2 /* SailVMGTests.xctest */;
			productType = "com.apple.product-type.bundle.unit-test";
		};
		318ABC09255F400900EFF7E2 /* SailVMGUITests */ = {
			isa = PBXNativeTarget;
			buildConfigurationList = 318ABC19255F400900EFF7E2 /* Build configuration list for PBXNativeTarget "SailVMGUITests" */;
			buildPhases = (
				2E846644F4EEB477FF265399 /* [CP] Check Pods Manifest.lock */,
				318ABC06255F400900EFF7E2 /* Sources */,
				318ABC07255F400900EFF7E2 /* Frameworks */,
				318ABC08255F400900EFF7E2 /* Resources */,
				29DB32225EFEA63AB9034BA9 /* [CP] Embed Pods Frameworks */,
			);
			buildRules = (
			);
			dependencies = (
				318ABC0C255F400900EFF7E2 /* PBXTargetDependency */,
			);
			name = SailVMGUITests;
			productName = SailVMGUITests;
			productReference = 318ABC0A255F400900EFF7E2 /* SailVMGUITests.xctest */;
			productType = "com.apple.product-type.bundle.ui-testing";
		};
/* End PBXNativeTarget section */

/* Begin PBXProject section */
		318ABBE1255F400600EFF7E2 /* Project object */ = {
			isa = PBXProject;
			attributes = {
				LastSwiftUpdateCheck = 1220;
				LastUpgradeCheck = 1220;
				TargetAttributes = {
					318ABBE8255F400600EFF7E2 = {
						CreatedOnToolsVersion = 12.2;
					};
					318ABBFE255F400900EFF7E2 = {
						CreatedOnToolsVersion = 12.2;
						TestTargetID = 318ABBE8255F400600EFF7E2;
					};
					318ABC09255F400900EFF7E2 = {
						CreatedOnToolsVersion = 12.2;
						TestTargetID = 318ABBE8255F400600EFF7E2;
					};
				};
			};
			buildConfigurationList = 318ABBE4255F400600EFF7E2 /* Build configuration list for PBXProject "SailVMG" */;
			compatibilityVersion = "Xcode 9.3";
			developmentRegion = en;
			hasScannedForEncodings = 0;
			knownRegions = (
				en,
				Base,
			);
			mainGroup = 318ABBE0255F400600EFF7E2;
			productRefGroup = 318ABBEA255F400600EFF7E2 /* Products */;
			projectDirPath = "";
			projectRoot = "";
			targets = (
				318ABBE8255F400600EFF7E2 /* SailVMG */,
				318ABBFE255F400900EFF7E2 /* SailVMGTests */,
				318ABC09255F400900EFF7E2 /* SailVMGUITests */,
			);
		};
/* End PBXProject section */

/* Begin PBXResourcesBuildPhase section */
		318ABBE7255F400600EFF7E2 /* Resources */ = {
			isa = PBXResourcesBuildPhase;
			buildActionMask = 2147483647;
			files = (
				318ABBF4255F400800EFF7E2 /* Preview Assets.xcassets in Resources */,
				3111AEDD2568DA7D00DAEF90 /* GoogleService-Info.plist in Resources */,
				318ABBF1255F400800EFF7E2 /* Assets.xcassets in Resources */,
				3155A0822571D68D00E885BC /* Crissy-8-13.gpx in Resources */,
			);
			runOnlyForDeploymentPostprocessing = 0;
		};
		318ABBFD255F400900EFF7E2 /* Resources */ = {
			isa = PBXResourcesBuildPhase;
			buildActionMask = 2147483647;
			files = (
			);
			runOnlyForDeploymentPostprocessing = 0;
		};
		318ABC08255F400900EFF7E2 /* Resources */ = {
			isa = PBXResourcesBuildPhase;
			buildActionMask = 2147483647;
			files = (
			);
			runOnlyForDeploymentPostprocessing = 0;
		};
/* End PBXResourcesBuildPhase section */

/* Begin PBXShellScriptBuildPhase section */
		29DB32225EFEA63AB9034BA9 /* [CP] Embed Pods Frameworks */ = {
			isa = PBXShellScriptBuildPhase;
			buildActionMask = 2147483647;
			files = (
			);
			inputFileListPaths = (
				"${PODS_ROOT}/Target Support Files/Pods-SailVMG-SailVMGUITests/Pods-SailVMG-SailVMGUITests-frameworks-${CONFIGURATION}-input-files.xcfilelist",
			);
			name = "[CP] Embed Pods Frameworks";
			outputFileListPaths = (
				"${PODS_ROOT}/Target Support Files/Pods-SailVMG-SailVMGUITests/Pods-SailVMG-SailVMGUITests-frameworks-${CONFIGURATION}-output-files.xcfilelist",
			);
			runOnlyForDeploymentPostprocessing = 0;
			shellPath = /bin/sh;
			shellScript = "\"${PODS_ROOT}/Target Support Files/Pods-SailVMG-SailVMGUITests/Pods-SailVMG-SailVMGUITests-frameworks.sh\"\n";
			showEnvVarsInLog = 0;
		};
		2E846644F4EEB477FF265399 /* [CP] Check Pods Manifest.lock */ = {
			isa = PBXShellScriptBuildPhase;
			buildActionMask = 2147483647;
			files = (
			);
			inputFileListPaths = (
			);
			inputPaths = (
				"${PODS_PODFILE_DIR_PATH}/Podfile.lock",
				"${PODS_ROOT}/Manifest.lock",
			);
			name = "[CP] Check Pods Manifest.lock";
			outputFileListPaths = (
			);
			outputPaths = (
				"$(DERIVED_FILE_DIR)/Pods-SailVMG-SailVMGUITests-checkManifestLockResult.txt",
			);
			runOnlyForDeploymentPostprocessing = 0;
			shellPath = /bin/sh;
			shellScript = "diff \"${PODS_PODFILE_DIR_PATH}/Podfile.lock\" \"${PODS_ROOT}/Manifest.lock\" > /dev/null\nif [ $? != 0 ] ; then\n    # print error to STDERR\n    echo \"error: The sandbox is not in sync with the Podfile.lock. Run 'pod install' or update your CocoaPods installation.\" >&2\n    exit 1\nfi\n# This output is used by Xcode 'outputs' to avoid re-running this script phase.\necho \"SUCCESS\" > \"${SCRIPT_OUTPUT_FILE_0}\"\n";
			showEnvVarsInLog = 0;
		};
		9842C25F85DEA7BCE98600F3 /* [CP] Embed Pods Frameworks */ = {
			isa = PBXShellScriptBuildPhase;
			buildActionMask = 2147483647;
			files = (
			);
			inputFileListPaths = (
				"${PODS_ROOT}/Target Support Files/Pods-SailVMG/Pods-SailVMG-frameworks-${CONFIGURATION}-input-files.xcfilelist",
			);
			name = "[CP] Embed Pods Frameworks";
			outputFileListPaths = (
				"${PODS_ROOT}/Target Support Files/Pods-SailVMG/Pods-SailVMG-frameworks-${CONFIGURATION}-output-files.xcfilelist",
			);
			runOnlyForDeploymentPostprocessing = 0;
			shellPath = /bin/sh;
			shellScript = "\"${PODS_ROOT}/Target Support Files/Pods-SailVMG/Pods-SailVMG-frameworks.sh\"\n";
			showEnvVarsInLog = 0;
		};
		CBDAEB7E09AB3FF725524CCA /* [CP] Check Pods Manifest.lock */ = {
			isa = PBXShellScriptBuildPhase;
			buildActionMask = 2147483647;
			files = (
			);
			inputFileListPaths = (
			);
			inputPaths = (
				"${PODS_PODFILE_DIR_PATH}/Podfile.lock",
				"${PODS_ROOT}/Manifest.lock",
			);
			name = "[CP] Check Pods Manifest.lock";
			outputFileListPaths = (
			);
			outputPaths = (
				"$(DERIVED_FILE_DIR)/Pods-SailVMGTests-checkManifestLockResult.txt",
			);
			runOnlyForDeploymentPostprocessing = 0;
			shellPath = /bin/sh;
			shellScript = "diff \"${PODS_PODFILE_DIR_PATH}/Podfile.lock\" \"${PODS_ROOT}/Manifest.lock\" > /dev/null\nif [ $? != 0 ] ; then\n    # print error to STDERR\n    echo \"error: The sandbox is not in sync with the Podfile.lock. Run 'pod install' or update your CocoaPods installation.\" >&2\n    exit 1\nfi\n# This output is used by Xcode 'outputs' to avoid re-running this script phase.\necho \"SUCCESS\" > \"${SCRIPT_OUTPUT_FILE_0}\"\n";
			showEnvVarsInLog = 0;
		};
		EEA431E59895B8E2114A3298 /* [CP] Check Pods Manifest.lock */ = {
			isa = PBXShellScriptBuildPhase;
			buildActionMask = 2147483647;
			files = (
			);
			inputFileListPaths = (
			);
			inputPaths = (
				"${PODS_PODFILE_DIR_PATH}/Podfile.lock",
				"${PODS_ROOT}/Manifest.lock",
			);
			name = "[CP] Check Pods Manifest.lock";
			outputFileListPaths = (
			);
			outputPaths = (
				"$(DERIVED_FILE_DIR)/Pods-SailVMG-checkManifestLockResult.txt",
			);
			runOnlyForDeploymentPostprocessing = 0;
			shellPath = /bin/sh;
			shellScript = "diff \"${PODS_PODFILE_DIR_PATH}/Podfile.lock\" \"${PODS_ROOT}/Manifest.lock\" > /dev/null\nif [ $? != 0 ] ; then\n    # print error to STDERR\n    echo \"error: The sandbox is not in sync with the Podfile.lock. Run 'pod install' or update your CocoaPods installation.\" >&2\n    exit 1\nfi\n# This output is used by Xcode 'outputs' to avoid re-running this script phase.\necho \"SUCCESS\" > \"${SCRIPT_OUTPUT_FILE_0}\"\n";
			showEnvVarsInLog = 0;
		};
/* End PBXShellScriptBuildPhase section */

/* Begin PBXSourcesBuildPhase section */
		318ABBE5255F400600EFF7E2 /* Sources */ = {
			isa = PBXSourcesBuildPhase;
			buildActionMask = 2147483647;
			files = (
				3111AECA2568B18400DAEF90 /* RecordingState.swift in Sources */,
				3155A05A2571D3F400E885BC /* MapView.swift in Sources */,
				312307FE25777AA800343C86 /* RecordingViewModel.swift in Sources */,
				3155A0552571D0A500E885BC /* TrackView.swift in Sources */,
				318ABBEF255F400600EFF7E2 /* MainScreen.swift in Sources */,
				31C747512568A85700A454B7 /* LocationViewModel.swift in Sources */,
				31ACC9D5256DD88B009BC3AD /* TrackpointRepository.swift in Sources */,
				31C7475D2568ABC400A454B7 /* RecordingView.swift in Sources */,
				318ABBED255F400600EFF7E2 /* SailVMGApp.swift in Sources */,
				3155A0502571CF6600E885BC /* TrackViewModel.swift in Sources */,
				3111AF362568DEA200DAEF90 /* TrackRepository.swift in Sources */,
				3155A05F2571D42500E885BC /* PlaybackView.swift in Sources */,
				3111AED32568D49E00DAEF90 /* Track.swift in Sources */,
				3111AED82568D5D400DAEF90 /* Trackpoint.swift in Sources */,
			);
			runOnlyForDeploymentPostprocessing = 0;
		};
		318ABBFB255F400900EFF7E2 /* Sources */ = {
			isa = PBXSourcesBuildPhase;
			buildActionMask = 2147483647;
			files = (
				318ABC04255F400900EFF7E2 /* SailVMGTests.swift in Sources */,
			);
			runOnlyForDeploymentPostprocessing = 0;
		};
		318ABC06255F400900EFF7E2 /* Sources */ = {
			isa = PBXSourcesBuildPhase;
			buildActionMask = 2147483647;
			files = (
				318ABC0F255F400900EFF7E2 /* SailVMGUITests.swift in Sources */,
			);
			runOnlyForDeploymentPostprocessing = 0;
		};
/* End PBXSourcesBuildPhase section */

/* Begin PBXTargetDependency section */
		318ABC01255F400900EFF7E2 /* PBXTargetDependency */ = {
			isa = PBXTargetDependency;
			target = 318ABBE8255F400600EFF7E2 /* SailVMG */;
			targetProxy = 318ABC00255F400900EFF7E2 /* PBXContainerItemProxy */;
		};
		318ABC0C255F400900EFF7E2 /* PBXTargetDependency */ = {
			isa = PBXTargetDependency;
			target = 318ABBE8255F400600EFF7E2 /* SailVMG */;
			targetProxy = 318ABC0B255F400900EFF7E2 /* PBXContainerItemProxy */;
		};
/* End PBXTargetDependency section */

/* Begin XCBuildConfiguration section */
		318ABC11255F400900EFF7E2 /* Debug */ = {
			isa = XCBuildConfiguration;
			buildSettings = {
				ALWAYS_SEARCH_USER_PATHS = NO;
				CLANG_ANALYZER_NONNULL = YES;
				CLANG_ANALYZER_NUMBER_OBJECT_CONVERSION = YES_AGGRESSIVE;
				CLANG_CXX_LANGUAGE_STANDARD = "gnu++14";
				CLANG_CXX_LIBRARY = "libc++";
				CLANG_ENABLE_MODULES = YES;
				CLANG_ENABLE_OBJC_ARC = YES;
				CLANG_ENABLE_OBJC_WEAK = YES;
				CLANG_WARN_BLOCK_CAPTURE_AUTORELEASING = YES;
				CLANG_WARN_BOOL_CONVERSION = YES;
				CLANG_WARN_COMMA = YES;
				CLANG_WARN_CONSTANT_CONVERSION = YES;
				CLANG_WARN_DEPRECATED_OBJC_IMPLEMENTATIONS = YES;
				CLANG_WARN_DIRECT_OBJC_ISA_USAGE = YES_ERROR;
				CLANG_WARN_DOCUMENTATION_COMMENTS = YES;
				CLANG_WARN_EMPTY_BODY = YES;
				CLANG_WARN_ENUM_CONVERSION = YES;
				CLANG_WARN_INFINITE_RECURSION = YES;
				CLANG_WARN_INT_CONVERSION = YES;
				CLANG_WARN_NON_LITERAL_NULL_CONVERSION = YES;
				CLANG_WARN_OBJC_IMPLICIT_RETAIN_SELF = YES;
				CLANG_WARN_OBJC_LITERAL_CONVERSION = YES;
				CLANG_WARN_OBJC_ROOT_CLASS = YES_ERROR;
				CLANG_WARN_QUOTED_INCLUDE_IN_FRAMEWORK_HEADER = YES;
				CLANG_WARN_RANGE_LOOP_ANALYSIS = YES;
				CLANG_WARN_STRICT_PROTOTYPES = YES;
				CLANG_WARN_SUSPICIOUS_MOVE = YES;
				CLANG_WARN_UNGUARDED_AVAILABILITY = YES_AGGRESSIVE;
				CLANG_WARN_UNREACHABLE_CODE = YES;
				CLANG_WARN__DUPLICATE_METHOD_MATCH = YES;
				COPY_PHASE_STRIP = NO;
				DEBUG_INFORMATION_FORMAT = dwarf;
				ENABLE_STRICT_OBJC_MSGSEND = YES;
				ENABLE_TESTABILITY = YES;
				GCC_C_LANGUAGE_STANDARD = gnu11;
				GCC_DYNAMIC_NO_PIC = NO;
				GCC_NO_COMMON_BLOCKS = YES;
				GCC_OPTIMIZATION_LEVEL = 0;
				GCC_PREPROCESSOR_DEFINITIONS = (
					"DEBUG=1",
					"$(inherited)",
				);
				GCC_WARN_64_TO_32_BIT_CONVERSION = YES;
				GCC_WARN_ABOUT_RETURN_TYPE = YES_ERROR;
				GCC_WARN_UNDECLARED_SELECTOR = YES;
				GCC_WARN_UNINITIALIZED_AUTOS = YES_AGGRESSIVE;
				GCC_WARN_UNUSED_FUNCTION = YES;
				GCC_WARN_UNUSED_VARIABLE = YES;
				IPHONEOS_DEPLOYMENT_TARGET = 14.2;
				MTL_ENABLE_DEBUG_INFO = INCLUDE_SOURCE;
				MTL_FAST_MATH = YES;
				ONLY_ACTIVE_ARCH = YES;
				SDKROOT = iphoneos;
				SWIFT_ACTIVE_COMPILATION_CONDITIONS = DEBUG;
				SWIFT_OPTIMIZATION_LEVEL = "-Onone";
			};
			name = Debug;
		};
		318ABC12255F400900EFF7E2 /* Release */ = {
			isa = XCBuildConfiguration;
			buildSettings = {
				ALWAYS_SEARCH_USER_PATHS = NO;
				CLANG_ANALYZER_NONNULL = YES;
				CLANG_ANALYZER_NUMBER_OBJECT_CONVERSION = YES_AGGRESSIVE;
				CLANG_CXX_LANGUAGE_STANDARD = "gnu++14";
				CLANG_CXX_LIBRARY = "libc++";
				CLANG_ENABLE_MODULES = YES;
				CLANG_ENABLE_OBJC_ARC = YES;
				CLANG_ENABLE_OBJC_WEAK = YES;
				CLANG_WARN_BLOCK_CAPTURE_AUTORELEASING = YES;
				CLANG_WARN_BOOL_CONVERSION = YES;
				CLANG_WARN_COMMA = YES;
				CLANG_WARN_CONSTANT_CONVERSION = YES;
				CLANG_WARN_DEPRECATED_OBJC_IMPLEMENTATIONS = YES;
				CLANG_WARN_DIRECT_OBJC_ISA_USAGE = YES_ERROR;
				CLANG_WARN_DOCUMENTATION_COMMENTS = YES;
				CLANG_WARN_EMPTY_BODY = YES;
				CLANG_WARN_ENUM_CONVERSION = YES;
				CLANG_WARN_INFINITE_RECURSION = YES;
				CLANG_WARN_INT_CONVERSION = YES;
				CLANG_WARN_NON_LITERAL_NULL_CONVERSION = YES;
				CLANG_WARN_OBJC_IMPLICIT_RETAIN_SELF = YES;
				CLANG_WARN_OBJC_LITERAL_CONVERSION = YES;
				CLANG_WARN_OBJC_ROOT_CLASS = YES_ERROR;
				CLANG_WARN_QUOTED_INCLUDE_IN_FRAMEWORK_HEADER = YES;
				CLANG_WARN_RANGE_LOOP_ANALYSIS = YES;
				CLANG_WARN_STRICT_PROTOTYPES = YES;
				CLANG_WARN_SUSPICIOUS_MOVE = YES;
				CLANG_WARN_UNGUARDED_AVAILABILITY = YES_AGGRESSIVE;
				CLANG_WARN_UNREACHABLE_CODE = YES;
				CLANG_WARN__DUPLICATE_METHOD_MATCH = YES;
				COPY_PHASE_STRIP = NO;
				DEBUG_INFORMATION_FORMAT = "dwarf-with-dsym";
				ENABLE_NS_ASSERTIONS = NO;
				ENABLE_STRICT_OBJC_MSGSEND = YES;
				GCC_C_LANGUAGE_STANDARD = gnu11;
				GCC_NO_COMMON_BLOCKS = YES;
				GCC_WARN_64_TO_32_BIT_CONVERSION = YES;
				GCC_WARN_ABOUT_RETURN_TYPE = YES_ERROR;
				GCC_WARN_UNDECLARED_SELECTOR = YES;
				GCC_WARN_UNINITIALIZED_AUTOS = YES_AGGRESSIVE;
				GCC_WARN_UNUSED_FUNCTION = YES;
				GCC_WARN_UNUSED_VARIABLE = YES;
				IPHONEOS_DEPLOYMENT_TARGET = 14.2;
				MTL_ENABLE_DEBUG_INFO = NO;
				MTL_FAST_MATH = YES;
				SDKROOT = iphoneos;
				SWIFT_COMPILATION_MODE = wholemodule;
				SWIFT_OPTIMIZATION_LEVEL = "-O";
				VALIDATE_PRODUCT = YES;
			};
			name = Release;
		};
		318ABC14255F400900EFF7E2 /* Debug */ = {
			isa = XCBuildConfiguration;
			baseConfigurationReference = D490D86E7C2F74D2114C7794 /* Pods-SailVMG.debug.xcconfig */;
			buildSettings = {
				ASSETCATALOG_COMPILER_APPICON_NAME = AppIcon;
				ASSETCATALOG_COMPILER_GLOBAL_ACCENT_COLOR_NAME = AccentColor;
				CODE_SIGN_STYLE = Automatic;
				DEVELOPMENT_ASSET_PATHS = "\"SailVMG/Preview Content\"";
				DEVELOPMENT_TEAM = T7SJ98XW44;
				ENABLE_PREVIEWS = YES;
				INFOPLIST_FILE = SailVMG/Info.plist;
				IPHONEOS_DEPLOYMENT_TARGET = 14.0;
				LD_RUNPATH_SEARCH_PATHS = (
					"$(inherited)",
					"@executable_path/Frameworks",
				);
				PRODUCT_BUNDLE_IDENTIFIER = com.neilmarcellini.SailVMG;
				PRODUCT_NAME = "$(TARGET_NAME)";
				SWIFT_VERSION = 5.0;
				TARGETED_DEVICE_FAMILY = "1,2";
			};
			name = Debug;
		};
		318ABC15255F400900EFF7E2 /* Release */ = {
			isa = XCBuildConfiguration;
			baseConfigurationReference = F91DD7A5E1F4455B47227BF8 /* Pods-SailVMG.release.xcconfig */;
			buildSettings = {
				ASSETCATALOG_COMPILER_APPICON_NAME = AppIcon;
				ASSETCATALOG_COMPILER_GLOBAL_ACCENT_COLOR_NAME = AccentColor;
				CODE_SIGN_STYLE = Automatic;
				DEVELOPMENT_ASSET_PATHS = "\"SailVMG/Preview Content\"";
				DEVELOPMENT_TEAM = T7SJ98XW44;
				ENABLE_PREVIEWS = YES;
				INFOPLIST_FILE = SailVMG/Info.plist;
				IPHONEOS_DEPLOYMENT_TARGET = 14.0;
				LD_RUNPATH_SEARCH_PATHS = (
					"$(inherited)",
					"@executable_path/Frameworks",
				);
				PRODUCT_BUNDLE_IDENTIFIER = com.neilmarcellini.SailVMG;
				PRODUCT_NAME = "$(TARGET_NAME)";
				SWIFT_VERSION = 5.0;
				TARGETED_DEVICE_FAMILY = "1,2";
			};
			name = Release;
		};
		318ABC17255F400900EFF7E2 /* Debug */ = {
			isa = XCBuildConfiguration;
			baseConfigurationReference = E4B9F55ADA0BD72198C7C09C /* Pods-SailVMGTests.debug.xcconfig */;
			buildSettings = {
				ALWAYS_EMBED_SWIFT_STANDARD_LIBRARIES = YES;
				BUNDLE_LOADER = "$(TEST_HOST)";
				CODE_SIGN_STYLE = Automatic;
				DEVELOPMENT_TEAM = T7SJ98XW44;
				INFOPLIST_FILE = SailVMGTests/Info.plist;
				IPHONEOS_DEPLOYMENT_TARGET = 14.0;
				LD_RUNPATH_SEARCH_PATHS = (
					"$(inherited)",
					"@executable_path/Frameworks",
					"@loader_path/Frameworks",
				);
				PRODUCT_BUNDLE_IDENTIFIER = com.neilmarcellini.SailVMGTests;
				PRODUCT_NAME = "$(TARGET_NAME)";
				SWIFT_VERSION = 5.0;
				TARGETED_DEVICE_FAMILY = "1,2";
				TEST_HOST = "$(BUILT_PRODUCTS_DIR)/SailVMG.app/SailVMG";
			};
			name = Debug;
		};
		318ABC18255F400900EFF7E2 /* Release */ = {
			isa = XCBuildConfiguration;
			baseConfigurationReference = 196256F91682DAEBB042DE2B /* Pods-SailVMGTests.release.xcconfig */;
			buildSettings = {
				ALWAYS_EMBED_SWIFT_STANDARD_LIBRARIES = YES;
				BUNDLE_LOADER = "$(TEST_HOST)";
				CODE_SIGN_STYLE = Automatic;
				DEVELOPMENT_TEAM = T7SJ98XW44;
				INFOPLIST_FILE = SailVMGTests/Info.plist;
				IPHONEOS_DEPLOYMENT_TARGET = 14.0;
				LD_RUNPATH_SEARCH_PATHS = (
					"$(inherited)",
					"@executable_path/Frameworks",
					"@loader_path/Frameworks",
				);
				PRODUCT_BUNDLE_IDENTIFIER = com.neilmarcellini.SailVMGTests;
				PRODUCT_NAME = "$(TARGET_NAME)";
				SWIFT_VERSION = 5.0;
				TARGETED_DEVICE_FAMILY = "1,2";
				TEST_HOST = "$(BUILT_PRODUCTS_DIR)/SailVMG.app/SailVMG";
			};
			name = Release;
		};
		318ABC1A255F400900EFF7E2 /* Debug */ = {
			isa = XCBuildConfiguration;
			baseConfigurationReference = 9BDB21FDAB24133AE1519219 /* Pods-SailVMG-SailVMGUITests.debug.xcconfig */;
			buildSettings = {
				ALWAYS_EMBED_SWIFT_STANDARD_LIBRARIES = YES;
				CODE_SIGN_STYLE = Automatic;
				DEVELOPMENT_TEAM = T7SJ98XW44;
				INFOPLIST_FILE = SailVMGUITests/Info.plist;
				LD_RUNPATH_SEARCH_PATHS = (
					"$(inherited)",
					"@executable_path/Frameworks",
					"@loader_path/Frameworks",
				);
				PRODUCT_BUNDLE_IDENTIFIER = com.neilmarcellini.SailVMGUITests;
				PRODUCT_NAME = "$(TARGET_NAME)";
				SWIFT_VERSION = 5.0;
				TARGETED_DEVICE_FAMILY = "1,2";
				TEST_TARGET_NAME = SailVMG;
			};
			name = Debug;
		};
		318ABC1B255F400900EFF7E2 /* Release */ = {
			isa = XCBuildConfiguration;
			baseConfigurationReference = 1877C52E68D748608492B5D6 /* Pods-SailVMG-SailVMGUITests.release.xcconfig */;
			buildSettings = {
				ALWAYS_EMBED_SWIFT_STANDARD_LIBRARIES = YES;
				CODE_SIGN_STYLE = Automatic;
				DEVELOPMENT_TEAM = T7SJ98XW44;
				INFOPLIST_FILE = SailVMGUITests/Info.plist;
				LD_RUNPATH_SEARCH_PATHS = (
					"$(inherited)",
					"@executable_path/Frameworks",
					"@loader_path/Frameworks",
				);
				PRODUCT_BUNDLE_IDENTIFIER = com.neilmarcellini.SailVMGUITests;
				PRODUCT_NAME = "$(TARGET_NAME)";
				SWIFT_VERSION = 5.0;
				TARGETED_DEVICE_FAMILY = "1,2";
				TEST_TARGET_NAME = SailVMG;
			};
			name = Release;
		};
/* End XCBuildConfiguration section */

/* Begin XCConfigurationList section */
		318ABBE4255F400600EFF7E2 /* Build configuration list for PBXProject "SailVMG" */ = {
			isa = XCConfigurationList;
			buildConfigurations = (
				318ABC11255F400900EFF7E2 /* Debug */,
				318ABC12255F400900EFF7E2 /* Release */,
			);
			defaultConfigurationIsVisible = 0;
			defaultConfigurationName = Release;
		};
		318ABC13255F400900EFF7E2 /* Build configuration list for PBXNativeTarget "SailVMG" */ = {
			isa = XCConfigurationList;
			buildConfigurations = (
				318ABC14255F400900EFF7E2 /* Debug */,
				318ABC15255F400900EFF7E2 /* Release */,
			);
			defaultConfigurationIsVisible = 0;
			defaultConfigurationName = Release;
		};
		318ABC16255F400900EFF7E2 /* Build configuration list for PBXNativeTarget "SailVMGTests" */ = {
			isa = XCConfigurationList;
			buildConfigurations = (
				318ABC17255F400900EFF7E2 /* Debug */,
				318ABC18255F400900EFF7E2 /* Release */,
			);
			defaultConfigurationIsVisible = 0;
			defaultConfigurationName = Release;
		};
		318ABC19255F400900EFF7E2 /* Build configuration list for PBXNativeTarget "SailVMGUITests" */ = {
			isa = XCConfigurationList;
			buildConfigurations = (
				318ABC1A255F400900EFF7E2 /* Debug */,
				318ABC1B255F400900EFF7E2 /* Release */,
			);
			defaultConfigurationIsVisible = 0;
			defaultConfigurationName = Release;
		};
/* End XCConfigurationList section */
	};
	rootObject = 318ABBE1255F400600EFF7E2 /* Project object */;
}
