// !$*UTF8*$!
{
	archiveVersion = 1;
	classes = {
	};
	objectVersion = 50;
	objects = {

/* Begin PBXBuildFile section */
		318ABBED255F400600EFF7E2 /* SailVMGApp.swift in Sources */ = {isa = PBXBuildFile; fileRef = 318ABBEC255F400600EFF7E2 /* SailVMGApp.swift */; };
		318ABBEF255F400600EFF7E2 /* ContentView.swift in Sources */ = {isa = PBXBuildFile; fileRef = 318ABBEE255F400600EFF7E2 /* ContentView.swift */; };
		318ABBF1255F400800EFF7E2 /* Assets.xcassets in Resources */ = {isa = PBXBuildFile; fileRef = 318ABBF0255F400800EFF7E2 /* Assets.xcassets */; };
		318ABBF4255F400800EFF7E2 /* Preview Assets.xcassets in Resources */ = {isa = PBXBuildFile; fileRef = 318ABBF3255F400800EFF7E2 /* Preview Assets.xcassets */; };
		318ABC04255F400900EFF7E2 /* SailVMGTests.swift in Sources */ = {isa = PBXBuildFile; fileRef = 318ABC03255F400900EFF7E2 /* SailVMGTests.swift */; };
		318ABC0F255F400900EFF7E2 /* SailVMGUITests.swift in Sources */ = {isa = PBXBuildFile; fileRef = 318ABC0E255F400900EFF7E2 /* SailVMGUITests.swift */; };
/* End PBXBuildFile section */

/* Begin PBXContainerItemProxy section */
		318ABC00255F400900EFF7E2 /* PBXContainerItemProxy */ = {
			isa = PBXContainerItemProxy;
			containerPortal = 318ABBE1255F400600EFF7E2 /* Project object */;
			proxyType = 1;
			remoteGlobalIDString = 318ABBE8255F400600EFF7E2;
			remoteInfo = SailVMG;
		};
		318ABC0B255F400900EFF7E2 /* PBXContainerItemProxy */ = {
			isa = PBXContainerItemProxy;
			containerPortal = 318ABBE1255F400600EFF7E2 /* Project object */;
			proxyType = 1;
			remoteGlobalIDString = 318ABBE8255F400600EFF7E2;
			remoteInfo = SailVMG;
		};
/* End PBXContainerItemProxy section */

/* Begin PBXFileReference section */
		318ABBE9255F400600EFF7E2 /* SailVMG.app */ = {isa = PBXFileReference; explicitFileType = wrapper.application; includeInIndex = 0; path = SailVMG.app; sourceTree = BUILT_PRODUCTS_DIR; };
		318ABBEC255F400600EFF7E2 /* SailVMGApp.swift */ = {isa = PBXFileReference; lastKnownFileType = sourcecode.swift; path = SailVMGApp.swift; sourceTree = "<group>"; };
		318ABBEE255F400600EFF7E2 /* ContentView.swift */ = {isa = PBXFileReference; lastKnownFileType = sourcecode.swift; path = ContentView.swift; sourceTree = "<group>"; };
		318ABBF0255F400800EFF7E2 /* Assets.xcassets */ = {isa = PBXFileReference; lastKnownFileType = folder.assetcatalog; path = Assets.xcassets; sourceTree = "<group>"; };
		318ABBF3255F400800EFF7E2 /* Preview Assets.xcassets */ = {isa = PBXFileReference; lastKnownFileType = folder.assetcatalog; path = "Preview Assets.xcassets"; sourceTree = "<group>"; };
		318ABBFA255F400800EFF7E2 /* Info.plist */ = {isa = PBXFileReference; lastKnownFileType = text.plist.xml; path = Info.plist; sourceTree = "<group>"; };
		318ABBFF255F400900EFF7E2 /* SailVMGTests.xctest */ = {isa = PBXFileReference; explicitFileType = wrapper.cfbundle; includeInIndex = 0; path = SailVMGTests.xctest; sourceTree = BUILT_PRODUCTS_DIR; };
		318ABC03255F400900EFF7E2 /* SailVMGTests.swift */ = {isa = PBXFileReference; lastKnownFileType = sourcecode.swift; path = SailVMGTests.swift; sourceTree = "<group>"; };
		318ABC05255F400900EFF7E2 /* Info.plist */ = {isa = PBXFileReference; lastKnownFileType = text.plist.xml; path = Info.plist; sourceTree = "<group>"; };
		318ABC0A255F400900EFF7E2 /* SailVMGUITests.xctest */ = {isa = PBXFileReference; explicitFileType = wrapper.cfbundle; includeInIndex = 0; path = SailVMGUITests.xctest; sourceTree = BUILT_PRODUCTS_DIR; };
		318ABC0E255F400900EFF7E2 /* SailVMGUITests.swift */ = {isa = PBXFileReference; lastKnownFileType = sourcecode.swift; path = SailVMGUITests.swift; sourceTree = "<group>"; };
		318ABC10255F400900EFF7E2 /* Info.plist */ = {isa = PBXFileReference; lastKnownFileType = text.plist.xml; path = Info.plist; sourceTree = "<group>"; };
/* End PBXFileReference section */

/* Begin PBXFrameworksBuildPhase section */
		318ABBE6255F400600EFF7E2 /* Frameworks */ = {
			isa = PBXFrameworksBuildPhase;
			buildActionMask = 2147483647;
			files = (
			);
			runOnlyForDeploymentPostprocessing = 0;
		};
		318ABBFC255F400900EFF7E2 /* Frameworks */ = {
			isa = PBXFrameworksBuildPhase;
			buildActionMask = 2147483647;
			files = (
			);
			runOnlyForDeploymentPostprocessing = 0;
		};
		318ABC07255F400900EFF7E2 /* Frameworks */ = {
			isa = PBXFrameworksBuildPhase;
			buildActionMask = 2147483647;
			files = (
			);
			runOnlyForDeploymentPostprocessing = 0;
		};
/* End PBXFrameworksBuildPhase section */

/* Begin PBXGroup section */
		318ABBE0255F400600EFF7E2 = {
			isa = PBXGroup;
			children = (
				318ABBEB255F400600EFF7E2 /* SailVMG */,
				318ABC02255F400900EFF7E2 /* SailVMGTests */,
				318ABC0D255F400900EFF7E2 /* SailVMGUITests */,
				318ABBEA255F400600EFF7E2 /* Products */,
			);
			sourceTree = "<group>";
		};
		318ABBEA255F400600EFF7E2 /* Products */ = {
			isa = PBXGroup;
			children = (
				318ABBE9255F400600EFF7E2 /* SailVMG.app */,
				318ABBFF255F400900EFF7E2 /* SailVMGTests.xctest */,
				318ABC0A255F400900EFF7E2 /* SailVMGUITests.xctest */,
			);
			name = Products;
			sourceTree = "<group>";
		};
		318ABBEB255F400600EFF7E2 /* SailVMG */ = {
			isa = PBXGroup;
			children = (
				318ABBEC255F400600EFF7E2 /* SailVMGApp.swift */,
				318ABBEE255F400600EFF7E2 /* ContentView.swift */,
				318ABBF0255F400800EFF7E2 /* Assets.xcassets */,
				318ABBFA255F400800EFF7E2 /* Info.plist */,
				318ABBF2255F400800EFF7E2 /* Preview Content */,
			);
			path = SailVMG;
			sourceTree = "<group>";
		};
		318ABBF2255F400800EFF7E2 /* Preview Content */ = {
			isa = PBXGroup;
			children = (
				318ABBF3255F400800EFF7E2 /* Preview Assets.xcassets */,
			);
			path = "Preview Content";
			sourceTree = "<group>";
		};
		318ABC02255F400900EFF7E2 /* SailVMGTests */ = {
			isa = PBXGroup;
			children = (
				318ABC03255F400900EFF7E2 /* SailVMGTests.swift */,
				318ABC05255F400900EFF7E2 /* Info.plist */,
			);
			path = SailVMGTests;
			sourceTree = "<group>";
		};
		318ABC0D255F400900EFF7E2 /* SailVMGUITests */ = {
			isa = PBXGroup;
			children = (
				318ABC0E255F400900EFF7E2 /* SailVMGUITests.swift */,
				318ABC10255F400900EFF7E2 /* Info.plist */,
			);
			path = SailVMGUITests;
			sourceTree = "<group>";
		};
/* End PBXGroup section */

/* Begin PBXNativeTarget section */
		318ABBE8255F400600EFF7E2 /* SailVMG */ = {
			isa = PBXNativeTarget;
			buildConfigurationList = 318ABC13255F400900EFF7E2 /* Build configuration list for PBXNativeTarget "SailVMG" */;
			buildPhases = (
				318ABBE5255F400600EFF7E2 /* Sources */,
				318ABBE6255F400600EFF7E2 /* Frameworks */,
				318ABBE7255F400600EFF7E2 /* Resources */,
			);
			buildRules = (
			);
			dependencies = (
			);
			name = SailVMG;
			productName = SailVMG;
			productReference = 318ABBE9255F400600EFF7E2 /* SailVMG.app */;
			productType = "com.apple.product-type.application";
		};
		318ABBFE255F400900EFF7E2 /* SailVMGTests */ = {
			isa = PBXNativeTarget;
			buildConfigurationList = 318ABC16255F400900EFF7E2 /* Build configuration list for PBXNativeTarget "SailVMGTests" */;
			buildPhases = (
				318ABBFB255F400900EFF7E2 /* Sources */,
				318ABBFC255F400900EFF7E2 /* Frameworks */,
				318ABBFD255F400900EFF7E2 /* Resources */,
			);
			buildRules = (
			);
			dependencies = (
				318ABC01255F400900EFF7E2 /* PBXTargetDependency */,
			);
			name = SailVMGTests;
			productName = SailVMGTests;
			productReference = 318ABBFF255F400900EFF7E2 /* SailVMGTests.xctest */;
			productType = "com.apple.product-type.bundle.unit-test";
		};
		318ABC09255F400900EFF7E2 /* SailVMGUITests */ = {
			isa = PBXNativeTarget;
			buildConfigurationList = 318ABC19255F400900EFF7E2 /* Build configuration list for PBXNativeTarget "SailVMGUITests" */;
			buildPhases = (
				318ABC06255F400900EFF7E2 /* Sources */,
				318ABC07255F400900EFF7E2 /* Frameworks */,
				318ABC08255F400900EFF7E2 /* Resources */,
			);
			buildRules = (
			);
			dependencies = (
				318ABC0C255F400900EFF7E2 /* PBXTargetDependency */,
			);
			name = SailVMGUITests;
			productName = SailVMGUITests;
			productReference = 318ABC0A255F400900EFF7E2 /* SailVMGUITests.xctest */;
			productType = "com.apple.product-type.bundle.ui-testing";
		};
/* End PBXNativeTarget section */

/* Begin PBXProject section */
		318ABBE1255F400600EFF7E2 /* Project object */ = {
			isa = PBXProject;
			attributes = {
				LastSwiftUpdateCheck = 1220;
				LastUpgradeCheck = 1220;
				TargetAttributes = {
					318ABBE8255F400600EFF7E2 = {
						CreatedOnToolsVersion = 12.2;
					};
					318ABBFE255F400900EFF7E2 = {
						CreatedOnToolsVersion = 12.2;
						TestTargetID = 318ABBE8255F400600EFF7E2;
					};
					318ABC09255F400900EFF7E2 = {
						CreatedOnToolsVersion = 12.2;
						TestTargetID = 318ABBE8255F400600EFF7E2;
					};
				};
			};
			buildConfigurationList = 318ABBE4255F400600EFF7E2 /* Build configuration list for PBXProject "SailVMG" */;
			compatibilityVersion = "Xcode 9.3";
			developmentRegion = en;
			hasScannedForEncodings = 0;
			knownRegions = (
				en,
				Base,
			);
			mainGroup = 318ABBE0255F400600EFF7E2;
			productRefGroup = 318ABBEA255F400600EFF7E2 /* Products */;
			projectDirPath = "";
			projectRoot = "";
			targets = (
				318ABBE8255F400600EFF7E2 /* SailVMG */,
				318ABBFE255F400900EFF7E2 /* SailVMGTests */,
				318ABC09255F400900EFF7E2 /* SailVMGUITests */,
			);
		};
/* End PBXProject section */

/* Begin PBXResourcesBuildPhase section */
		318ABBE7255F400600EFF7E2 /* Resources */ = {
			isa = PBXResourcesBuildPhase;
			buildActionMask = 2147483647;
			files = (
				318ABBF4255F400800EFF7E2 /* Preview Assets.xcassets in Resources */,
				318ABBF1255F400800EFF7E2 /* Assets.xcassets in Resources */,
			);
			runOnlyForDeploymentPostprocessing = 0;
		};
		318ABBFD255F400900EFF7E2 /* Resources */ = {
			isa = PBXResourcesBuildPhase;
			buildActionMask = 2147483647;
			files = (
			);
			runOnlyForDeploymentPostprocessing = 0;
		};
		318ABC08255F400900EFF7E2 /* Resources */ = {
			isa = PBXResourcesBuildPhase;
			buildActionMask = 2147483647;
			files = (
			);
			runOnlyForDeploymentPostprocessing = 0;
		};
/* End PBXResourcesBuildPhase section */

/* Begin PBXSourcesBuildPhase section */
		318ABBE5255F400600EFF7E2 /* Sources */ = {
			isa = PBXSourcesBuildPhase;
			buildActionMask = 2147483647;
			files = (
				318ABBEF255F400600EFF7E2 /* ContentView.swift in Sources */,
				318ABBED255F400600EFF7E2 /* SailVMGApp.swift in Sources */,
			);
			runOnlyForDeploymentPostprocessing = 0;
		};
		318ABBFB255F400900EFF7E2 /* Sources */ = {
			isa = PBXSourcesBuildPhase;
			buildActionMask = 2147483647;
			files = (
				318ABC04255F400900EFF7E2 /* SailVMGTests.swift in Sources */,
			);
			runOnlyForDeploymentPostprocessing = 0;
		};
		318ABC06255F400900EFF7E2 /* Sources */ = {
			isa = PBXSourcesBuildPhase;
			buildActionMask = 2147483647;
			files = (
				318ABC0F255F400900EFF7E2 /* SailVMGUITests.swift in Sources */,
			);
			runOnlyForDeploymentPostprocessing = 0;
		};
/* End PBXSourcesBuildPhase section */

/* Begin PBXTargetDependency section */
		318ABC01255F400900EFF7E2 /* PBXTargetDependency */ = {
			isa = PBXTargetDependency;
			target = 318ABBE8255F400600EFF7E2 /* SailVMG */;
			targetProxy = 318ABC00255F400900EFF7E2 /* PBXContainerItemProxy */;
		};
		318ABC0C255F400900EFF7E2 /* PBXTargetDependency */ = {
			isa = PBXTargetDependency;
			target = 318ABBE8255F400600EFF7E2 /* SailVMG */;
			targetProxy = 318ABC0B255F400900EFF7E2 /* PBXContainerItemProxy */;
		};
/* End PBXTargetDependency section */

/* Begin XCBuildConfiguration section */
		318ABC11255F400900EFF7E2 /* Debug */ = {
			isa = XCBuildConfiguration;
			buildSettings = {
				ALWAYS_SEARCH_USER_PATHS = NO;
				CLANG_ANALYZER_NONNULL = YES;
				CLANG_ANALYZER_NUMBER_OBJECT_CONVERSION = YES_AGGRESSIVE;
				CLANG_CXX_LANGUAGE_STANDARD = "gnu++14";
				CLANG_CXX_LIBRARY = "libc++";
				CLANG_ENABLE_MODULES = YES;
				CLANG_ENABLE_OBJC_ARC = YES;
				CLANG_ENABLE_OBJC_WEAK = YES;
				CLANG_WARN_BLOCK_CAPTURE_AUTORELEASING = YES;
				CLANG_WARN_BOOL_CONVERSION = YES;
				CLANG_WARN_COMMA = YES;
				CLANG_WARN_CONSTANT_CONVERSION = YES;
				CLANG_WARN_DEPRECATED_OBJC_IMPLEMENTATIONS = YES;
				CLANG_WARN_DIRECT_OBJC_ISA_USAGE = YES_ERROR;
				CLANG_WARN_DOCUMENTATION_COMMENTS = YES;
				CLANG_WARN_EMPTY_BODY = YES;
				CLANG_WARN_ENUM_CONVERSION = YES;
				CLANG_WARN_INFINITE_RECURSION = YES;
				CLANG_WARN_INT_CONVERSION = YES;
				CLANG_WARN_NON_LITERAL_NULL_CONVERSION = YES;
				CLANG_WARN_OBJC_IMPLICIT_RETAIN_SELF = YES;
				CLANG_WARN_OBJC_LITERAL_CONVERSION = YES;
				CLANG_WARN_OBJC_ROOT_CLASS = YES_ERROR;
				CLANG_WARN_QUOTED_INCLUDE_IN_FRAMEWORK_HEADER = YES;
				CLANG_WARN_RANGE_LOOP_ANALYSIS = YES;
				CLANG_WARN_STRICT_PROTOTYPES = YES;
				CLANG_WARN_SUSPICIOUS_MOVE = YES;
				CLANG_WARN_UNGUARDED_AVAILABILITY = YES_AGGRESSIVE;
				CLANG_WARN_UNREACHABLE_CODE = YES;
				CLANG_WARN__DUPLICATE_METHOD_MATCH = YES;
				COPY_PHASE_STRIP = NO;
				DEBUG_INFORMATION_FORMAT = dwarf;
				ENABLE_STRICT_OBJC_MSGSEND = YES;
				ENABLE_TESTABILITY = YES;
				GCC_C_LANGUAGE_STANDARD = gnu11;
				GCC_DYNAMIC_NO_PIC = NO;
				GCC_NO_COMMON_BLOCKS = YES;
				GCC_OPTIMIZATION_LEVEL = 0;
				GCC_PREPROCESSOR_DEFINITIONS = (
					"DEBUG=1",
					"$(inherited)",
				);
				GCC_WARN_64_TO_32_BIT_CONVERSION = YES;
				GCC_WARN_ABOUT_RETURN_TYPE = YES_ERROR;
				GCC_WARN_UNDECLARED_SELECTOR = YES;
				GCC_WARN_UNINITIALIZED_AUTOS = YES_AGGRESSIVE;
				GCC_WARN_UNUSED_FUNCTION = YES;
				GCC_WARN_UNUSED_VARIABLE = YES;
				IPHONEOS_DEPLOYMENT_TARGET = 14.2;
				MTL_ENABLE_DEBUG_INFO = INCLUDE_SOURCE;
				MTL_FAST_MATH = YES;
				ONLY_ACTIVE_ARCH = YES;
				SDKROOT = iphoneos;
				SWIFT_ACTIVE_COMPILATION_CONDITIONS = DEBUG;
				SWIFT_OPTIMIZATION_LEVEL = "-Onone";
			};
			name = Debug;
		};
		318ABC12255F400900EFF7E2 /* Release */ = {
			isa = XCBuildConfiguration;
			buildSettings = {
				ALWAYS_SEARCH_USER_PATHS = NO;
				CLANG_ANALYZER_NONNULL = YES;
				CLANG_ANALYZER_NUMBER_OBJECT_CONVERSION = YES_AGGRESSIVE;
				CLANG_CXX_LANGUAGE_STANDARD = "gnu++14";
				CLANG_CXX_LIBRARY = "libc++";
				CLANG_ENABLE_MODULES = YES;
				CLANG_ENABLE_OBJC_ARC = YES;
				CLANG_ENABLE_OBJC_WEAK = YES;
				CLANG_WARN_BLOCK_CAPTURE_AUTORELEASING = YES;
				CLANG_WARN_BOOL_CONVERSION = YES;
				CLANG_WARN_COMMA = YES;
				CLANG_WARN_CONSTANT_CONVERSION = YES;
				CLANG_WARN_DEPRECATED_OBJC_IMPLEMENTATIONS = YES;
				CLANG_WARN_DIRECT_OBJC_ISA_USAGE = YES_ERROR;
				CLANG_WARN_DOCUMENTATION_COMMENTS = YES;
				CLANG_WARN_EMPTY_BODY = YES;
				CLANG_WARN_ENUM_CONVERSION = YES;
				CLANG_WARN_INFINITE_RECURSION = YES;
				CLANG_WARN_INT_CONVERSION = YES;
				CLANG_WARN_NON_LITERAL_NULL_CONVERSION = YES;
				CLANG_WARN_OBJC_IMPLICIT_RETAIN_SELF = YES;
				CLANG_WARN_OBJC_LITERAL_CONVERSION = YES;
				CLANG_WARN_OBJC_ROOT_CLASS = YES_ERROR;
				CLANG_WARN_QUOTED_INCLUDE_IN_FRAMEWORK_HEADER = YES;
				CLANG_WARN_RANGE_LOOP_ANALYSIS = YES;
				CLANG_WARN_STRICT_PROTOTYPES = YES;
				CLANG_WARN_SUSPICIOUS_MOVE = YES;
				CLANG_WARN_UNGUARDED_AVAILABILITY = YES_AGGRESSIVE;
				CLANG_WARN_UNREACHABLE_CODE = YES;
				CLANG_WARN__DUPLICATE_METHOD_MATCH = YES;
				COPY_PHASE_STRIP = NO;
				DEBUG_INFORMATION_FORMAT = "dwarf-with-dsym";
				ENABLE_NS_ASSERTIONS = NO;
				ENABLE_STRICT_OBJC_MSGSEND = YES;
				GCC_C_LANGUAGE_STANDARD = gnu11;
				GCC_NO_COMMON_BLOCKS = YES;
				GCC_WARN_64_TO_32_BIT_CONVERSION = YES;
				GCC_WARN_ABOUT_RETURN_TYPE = YES_ERROR;
				GCC_WARN_UNDECLARED_SELECTOR = YES;
				GCC_WARN_UNINITIALIZED_AUTOS = YES_AGGRESSIVE;
				GCC_WARN_UNUSED_FUNCTION = YES;
				GCC_WARN_UNUSED_VARIABLE = YES;
				IPHONEOS_DEPLOYMENT_TARGET = 14.2;
				MTL_ENABLE_DEBUG_INFO = NO;
				MTL_FAST_MATH = YES;
				SDKROOT = iphoneos;
				SWIFT_COMPILATION_MODE = wholemodule;
				SWIFT_OPTIMIZATION_LEVEL = "-O";
				VALIDATE_PRODUCT = YES;
			};
			name = Release;
		};
		318ABC14255F400900EFF7E2 /* Debug */ = {
			isa = XCBuildConfiguration;
			buildSettings = {
				ASSETCATALOG_COMPILER_APPICON_NAME = AppIcon;
				ASSETCATALOG_COMPILER_GLOBAL_ACCENT_COLOR_NAME = AccentColor;
				CODE_SIGN_STYLE = Automatic;
				DEVELOPMENT_ASSET_PATHS = "\"SailVMG/Preview Content\"";
				DEVELOPMENT_TEAM = T7SJ98XW44;
				ENABLE_PREVIEWS = YES;
				INFOPLIST_FILE = SailVMG/Info.plist;
				IPHONEOS_DEPLOYMENT_TARGET = 14.0;
				LD_RUNPATH_SEARCH_PATHS = (
					"$(inherited)",
					"@executable_path/Frameworks",
				);
				PRODUCT_BUNDLE_IDENTIFIER = com.neilmarcellini.SailVMG;
				PRODUCT_NAME = "$(TARGET_NAME)";
				SWIFT_VERSION = 5.0;
				TARGETED_DEVICE_FAMILY = "1,2";
			};
			name = Debug;
		};
		318ABC15255F400900EFF7E2 /* Release */ = {
			isa = XCBuildConfiguration;
			buildSettings = {
				ASSETCATALOG_COMPILER_APPICON_NAME = AppIcon;
				ASSETCATALOG_COMPILER_GLOBAL_ACCENT_COLOR_NAME = AccentColor;
				CODE_SIGN_STYLE = Automatic;
				DEVELOPMENT_ASSET_PATHS = "\"SailVMG/Preview Content\"";
				DEVELOPMENT_TEAM = T7SJ98XW44;
				ENABLE_PREVIEWS = YES;
				INFOPLIST_FILE = SailVMG/Info.plist;
				IPHONEOS_DEPLOYMENT_TARGET = 14.0;
				LD_RUNPATH_SEARCH_PATHS = (
					"$(inherited)",
					"@executable_path/Frameworks",
				);
				PRODUCT_BUNDLE_IDENTIFIER = com.neilmarcellini.SailVMG;
				PRODUCT_NAME = "$(TARGET_NAME)";
				SWIFT_VERSION = 5.0;
				TARGETED_DEVICE_FAMILY = "1,2";
			};
			name = Release;
		};
		318ABC17255F400900EFF7E2 /* Debug */ = {
			isa = XCBuildConfiguration;
			buildSettings = {
				ALWAYS_EMBED_SWIFT_STANDARD_LIBRARIES = YES;
				BUNDLE_LOADER = "$(TEST_HOST)";
				CODE_SIGN_STYLE = Automatic;
				DEVELOPMENT_TEAM = T7SJ98XW44;
				INFOPLIST_FILE = SailVMGTests/Info.plist;
				IPHONEOS_DEPLOYMENT_TARGET = 14.0;
				LD_RUNPATH_SEARCH_PATHS = (
					"$(inherited)",
					"@executable_path/Frameworks",
					"@loader_path/Frameworks",
				);
				PRODUCT_BUNDLE_IDENTIFIER = com.neilmarcellini.SailVMGTests;
				PRODUCT_NAME = "$(TARGET_NAME)";
				SWIFT_VERSION = 5.0;
				TARGETED_DEVICE_FAMILY = "1,2";
				TEST_HOST = "$(BUILT_PRODUCTS_DIR)/SailVMG.app/SailVMG";
			};
			name = Debug;
		};
		318ABC18255F400900EFF7E2 /* Release */ = {
			isa = XCBuildConfiguration;
			buildSettings = {
				ALWAYS_EMBED_SWIFT_STANDARD_LIBRARIES = YES;
				BUNDLE_LOADER = "$(TEST_HOST)";
				CODE_SIGN_STYLE = Automatic;
				DEVELOPMENT_TEAM = T7SJ98XW44;
				INFOPLIST_FILE = SailVMGTests/Info.plist;
				IPHONEOS_DEPLOYMENT_TARGET = 14.0;
				LD_RUNPATH_SEARCH_PATHS = (
					"$(inherited)",
					"@executable_path/Frameworks",
					"@loader_path/Frameworks",
				);
				PRODUCT_BUNDLE_IDENTIFIER = com.neilmarcellini.SailVMGTests;
				PRODUCT_NAME = "$(TARGET_NAME)";
				SWIFT_VERSION = 5.0;
				TARGETED_DEVICE_FAMILY = "1,2";
				TEST_HOST = "$(BUILT_PRODUCTS_DIR)/SailVMG.app/SailVMG";
			};
			name = Release;
		};
		318ABC1A255F400900EFF7E2 /* Debug */ = {
			isa = XCBuildConfiguration;
			buildSettings = {
				ALWAYS_EMBED_SWIFT_STANDARD_LIBRARIES = YES;
				CODE_SIGN_STYLE = Automatic;
				DEVELOPMENT_TEAM = T7SJ98XW44;
				INFOPLIST_FILE = SailVMGUITests/Info.plist;
				LD_RUNPATH_SEARCH_PATHS = (
					"$(inherited)",
					"@executable_path/Frameworks",
					"@loader_path/Frameworks",
				);
				PRODUCT_BUNDLE_IDENTIFIER = com.neilmarcellini.SailVMGUITests;
				PRODUCT_NAME = "$(TARGET_NAME)";
				SWIFT_VERSION = 5.0;
				TARGETED_DEVICE_FAMILY = "1,2";
				TEST_TARGET_NAME = SailVMG;
			};
			name = Debug;
		};
		318ABC1B255F400900EFF7E2 /* Release */ = {
			isa = XCBuildConfiguration;
			buildSettings = {
				ALWAYS_EMBED_SWIFT_STANDARD_LIBRARIES = YES;
				CODE_SIGN_STYLE = Automatic;
				DEVELOPMENT_TEAM = T7SJ98XW44;
				INFOPLIST_FILE = SailVMGUITests/Info.plist;
				LD_RUNPATH_SEARCH_PATHS = (
					"$(inherited)",
					"@executable_path/Frameworks",
					"@loader_path/Frameworks",
				);
				PRODUCT_BUNDLE_IDENTIFIER = com.neilmarcellini.SailVMGUITests;
				PRODUCT_NAME = "$(TARGET_NAME)";
				SWIFT_VERSION = 5.0;
				TARGETED_DEVICE_FAMILY = "1,2";
				TEST_TARGET_NAME = SailVMG;
			};
			name = Release;
		};
/* End XCBuildConfiguration section */

/* Begin XCConfigurationList section */
		318ABBE4255F400600EFF7E2 /* Build configuration list for PBXProject "SailVMG" */ = {
			isa = XCConfigurationList;
			buildConfigurations = (
				318ABC11255F400900EFF7E2 /* Debug */,
				318ABC12255F400900EFF7E2 /* Release */,
			);
			defaultConfigurationIsVisible = 0;
			defaultConfigurationName = Release;
		};
		318ABC13255F400900EFF7E2 /* Build configuration list for PBXNativeTarget "SailVMG" */ = {
			isa = XCConfigurationList;
			buildConfigurations = (
				318ABC14255F400900EFF7E2 /* Debug */,
				318ABC15255F400900EFF7E2 /* Release */,
			);
			defaultConfigurationIsVisible = 0;
			defaultConfigurationName = Release;
		};
		318ABC16255F400900EFF7E2 /* Build configuration list for PBXNativeTarget "SailVMGTests" */ = {
			isa = XCConfigurationList;
			buildConfigurations = (
				318ABC17255F400900EFF7E2 /* Debug */,
				318ABC18255F400900EFF7E2 /* Release */,
			);
			defaultConfigurationIsVisible = 0;
			defaultConfigurationName = Release;
		};
		318ABC19255F400900EFF7E2 /* Build configuration list for PBXNativeTarget "SailVMGUITests" */ = {
			isa = XCConfigurationList;
			buildConfigurations = (
				318ABC1A255F400900EFF7E2 /* Debug */,
				318ABC1B255F400900EFF7E2 /* Release */,
			);
			defaultConfigurationIsVisible = 0;
			defaultConfigurationName = Release;
		};
/* End XCConfigurationList section */
	};
	rootObject = 318ABBE1255F400600EFF7E2 /* Project object */;
}
